// !$*UTF8*$!
{
	archiveVersion = 1;
	classes = {
	};
	objectVersion = 50;
	objects = {

/* Begin PBXBuildFile section */
		7A388D2C265A21A1008ABBC5 /* CardView.swift in Sources */ = {isa = PBXBuildFile; fileRef = 7A388D2B265A21A1008ABBC5 /* CardView.swift */; };
		7A388D2D265A21A1008ABBC5 /* CardView.swift in Sources */ = {isa = PBXBuildFile; fileRef = 7A388D2B265A21A1008ABBC5 /* CardView.swift */; };
		7A52DB8E265352250031A4CF /* MemorizeApp.swift in Sources */ = {isa = PBXBuildFile; fileRef = 7A52DB7B265352240031A4CF /* MemorizeApp.swift */; };
		7A52DB8F265352250031A4CF /* MemorizeApp.swift in Sources */ = {isa = PBXBuildFile; fileRef = 7A52DB7B265352240031A4CF /* MemorizeApp.swift */; };
		7A52DB90265352250031A4CF /* ContentView.swift in Sources */ = {isa = PBXBuildFile; fileRef = 7A52DB7C265352240031A4CF /* ContentView.swift */; };
		7A52DB91265352250031A4CF /* ContentView.swift in Sources */ = {isa = PBXBuildFile; fileRef = 7A52DB7C265352240031A4CF /* ContentView.swift */; };
		7A52DB92265352250031A4CF /* Assets.xcassets in Resources */ = {isa = PBXBuildFile; fileRef = 7A52DB7D265352250031A4CF /* Assets.xcassets */; };
		7A52DB93265352250031A4CF /* Assets.xcassets in Resources */ = {isa = PBXBuildFile; fileRef = 7A52DB7D265352250031A4CF /* Assets.xcassets */; };
		7A68C3AD265C6C11000B4071 /* MemorizeModel.swift in Sources */ = {isa = PBXBuildFile; fileRef = 7A68C3AC265C6C11000B4071 /* MemorizeModel.swift */; };
		7A68C3AE265C6C11000B4071 /* MemorizeModel.swift in Sources */ = {isa = PBXBuildFile; fileRef = 7A68C3AC265C6C11000B4071 /* MemorizeModel.swift */; };
		7A68C3B0265C6E34000B4071 /* MemorizeViewModelEmoji.swift in Sources */ = {isa = PBXBuildFile; fileRef = 7A68C3AF265C6E34000B4071 /* MemorizeViewModelEmoji.swift */; };
		7A68C3B1265C6E34000B4071 /* MemorizeViewModelEmoji.swift in Sources */ = {isa = PBXBuildFile; fileRef = 7A68C3AF265C6E34000B4071 /* MemorizeViewModelEmoji.swift */; };
/* End PBXBuildFile section */

/* Begin PBXFileReference section */
		7A388D2B265A21A1008ABBC5 /* CardView.swift */ = {isa = PBXFileReference; lastKnownFileType = sourcecode.swift; path = CardView.swift; sourceTree = "<group>"; };
		7A52DB7B265352240031A4CF /* MemorizeApp.swift */ = {isa = PBXFileReference; lastKnownFileType = sourcecode.swift; path = MemorizeApp.swift; sourceTree = "<group>"; };
		7A52DB7C265352240031A4CF /* ContentView.swift */ = {isa = PBXFileReference; lastKnownFileType = sourcecode.swift; path = ContentView.swift; sourceTree = "<group>"; };
		7A52DB7D265352250031A4CF /* Assets.xcassets */ = {isa = PBXFileReference; lastKnownFileType = folder.assetcatalog; path = Assets.xcassets; sourceTree = "<group>"; };
		7A52DB82265352250031A4CF /* Memorize.app */ = {isa = PBXFileReference; explicitFileType = wrapper.application; includeInIndex = 0; path = Memorize.app; sourceTree = BUILT_PRODUCTS_DIR; };
		7A52DB85265352250031A4CF /* Info.plist */ = {isa = PBXFileReference; lastKnownFileType = text.plist.xml; path = Info.plist; sourceTree = "<group>"; };
		7A52DB8A265352250031A4CF /* Memorize.app */ = {isa = PBXFileReference; explicitFileType = wrapper.application; includeInIndex = 0; path = Memorize.app; sourceTree = BUILT_PRODUCTS_DIR; };
		7A52DB8C265352250031A4CF /* Info.plist */ = {isa = PBXFileReference; lastKnownFileType = text.plist.xml; path = Info.plist; sourceTree = "<group>"; };
		7A52DB8D265352250031A4CF /* macOS.entitlements */ = {isa = PBXFileReference; lastKnownFileType = text.plist.entitlements; path = macOS.entitlements; sourceTree = "<group>"; };
		7A68C3AC265C6C11000B4071 /* MemorizeModel.swift */ = {isa = PBXFileReference; lastKnownFileType = sourcecode.swift; path = MemorizeModel.swift; sourceTree = "<group>"; };
		7A68C3AF265C6E34000B4071 /* MemorizeViewModelEmoji.swift */ = {isa = PBXFileReference; lastKnownFileType = sourcecode.swift; path = MemorizeViewModelEmoji.swift; sourceTree = "<group>"; };
/* End PBXFileReference section */

/* Begin PBXFrameworksBuildPhase section */
		7A52DB7F265352250031A4CF /* Frameworks */ = {
			isa = PBXFrameworksBuildPhase;
			buildActionMask = 2147483647;
			files = (
			);
			runOnlyForDeploymentPostprocessing = 0;
		};
		7A52DB87265352250031A4CF /* Frameworks */ = {
			isa = PBXFrameworksBuildPhase;
			buildActionMask = 2147483647;
			files = (
			);
			runOnlyForDeploymentPostprocessing = 0;
		};
/* End PBXFrameworksBuildPhase section */

/* Begin PBXGroup section */
		7A52DB75265352240031A4CF = {
			isa = PBXGroup;
			children = (
				7A52DB7A265352240031A4CF /* Shared */,
				7A52DB84265352250031A4CF /* iOS */,
				7A52DB8B265352250031A4CF /* macOS */,
				7A52DB83265352250031A4CF /* Products */,
			);
			sourceTree = "<group>";
		};
		7A52DB7A265352240031A4CF /* Shared */ = {
			isa = PBXGroup;
			children = (
				7A52DB7D265352250031A4CF /* Assets.xcassets */,
				7A388D2B265A21A1008ABBC5 /* CardView.swift */,
				7A52DB7C265352240031A4CF /* ContentView.swift */,
				7A52DB7B265352240031A4CF /* MemorizeApp.swift */,
				7A68C3AC265C6C11000B4071 /* MemorizeModel.swift */,
				7A68C3AF265C6E34000B4071 /* MemorizeViewModelEmoji.swift */,
			);
			path = Shared;
			sourceTree = "<group>";
		};
		7A52DB83265352250031A4CF /* Products */ = {
			isa = PBXGroup;
			children = (
				7A52DB82265352250031A4CF /* Memorize.app */,
				7A52DB8A265352250031A4CF /* Memorize.app */,
			);
			name = Products;
			sourceTree = "<group>";
		};
		7A52DB84265352250031A4CF /* iOS */ = {
			isa = PBXGroup;
			children = (
				7A52DB85265352250031A4CF /* Info.plist */,
			);
			path = iOS;
			sourceTree = "<group>";
		};
		7A52DB8B265352250031A4CF /* macOS */ = {
			isa = PBXGroup;
			children = (
				7A52DB8C265352250031A4CF /* Info.plist */,
				7A52DB8D265352250031A4CF /* macOS.entitlements */,
			);
			path = macOS;
			sourceTree = "<group>";
		};
/* End PBXGroup section */

/* Begin PBXNativeTarget section */
		7A52DB81265352250031A4CF /* Memorize (iOS) */ = {
			isa = PBXNativeTarget;
			buildConfigurationList = 7A52DB96265352250031A4CF /* Build configuration list for PBXNativeTarget "Memorize (iOS)" */;
			buildPhases = (
				7A52DB7E265352250031A4CF /* Sources */,
				7A52DB7F265352250031A4CF /* Frameworks */,
				7A52DB80265352250031A4CF /* Resources */,
			);
			buildRules = (
			);
			dependencies = (
			);
			name = "Memorize (iOS)";
			productName = "Memorize (iOS)";
			productReference = 7A52DB82265352250031A4CF /* Memorize.app */;
			productType = "com.apple.product-type.application";
		};
		7A52DB89265352250031A4CF /* Memorize (macOS) */ = {
			isa = PBXNativeTarget;
			buildConfigurationList = 7A52DB99265352250031A4CF /* Build configuration list for PBXNativeTarget "Memorize (macOS)" */;
			buildPhases = (
				7A52DB86265352250031A4CF /* Sources */,
				7A52DB87265352250031A4CF /* Frameworks */,
				7A52DB88265352250031A4CF /* Resources */,
			);
			buildRules = (
			);
			dependencies = (
			);
			name = "Memorize (macOS)";
			productName = "Memorize (macOS)";
			productReference = 7A52DB8A265352250031A4CF /* Memorize.app */;
			productType = "com.apple.product-type.application";
		};
/* End PBXNativeTarget section */

/* Begin PBXProject section */
		7A52DB76265352240031A4CF /* Project object */ = {
			isa = PBXProject;
			attributes = {
				LastSwiftUpdateCheck = 1250;
				LastUpgradeCheck = 1250;
				TargetAttributes = {
					7A52DB81265352250031A4CF = {
						CreatedOnToolsVersion = 12.5;
					};
					7A52DB89265352250031A4CF = {
						CreatedOnToolsVersion = 12.5;
					};
				};
			};
			buildConfigurationList = 7A52DB79265352240031A4CF /* Build configuration list for PBXProject "Memorize" */;
			compatibilityVersion = "Xcode 9.3";
			developmentRegion = en;
			hasScannedForEncodings = 0;
			knownRegions = (
				en,
				Base,
			);
			mainGroup = 7A52DB75265352240031A4CF;
			productRefGroup = 7A52DB83265352250031A4CF /* Products */;
			projectDirPath = "";
			projectRoot = "";
			targets = (
				7A52DB81265352250031A4CF /* Memorize (iOS) */,
				7A52DB89265352250031A4CF /* Memorize (macOS) */,
			);
		};
/* End PBXProject section */

/* Begin PBXResourcesBuildPhase section */
		7A52DB80265352250031A4CF /* Resources */ = {
			isa = PBXResourcesBuildPhase;
			buildActionMask = 2147483647;
			files = (
				7A52DB92265352250031A4CF /* Assets.xcassets in Resources */,
			);
			runOnlyForDeploymentPostprocessing = 0;
		};
		7A52DB88265352250031A4CF /* Resources */ = {
			isa = PBXResourcesBuildPhase;
			buildActionMask = 2147483647;
			files = (
				7A52DB93265352250031A4CF /* Assets.xcassets in Resources */,
			);
			runOnlyForDeploymentPostprocessing = 0;
		};
/* End PBXResourcesBuildPhase section */

/* Begin PBXSourcesBuildPhase section */
		7A52DB7E265352250031A4CF /* Sources */ = {
			isa = PBXSourcesBuildPhase;
			buildActionMask = 2147483647;
			files = (
				7A52DB90265352250031A4CF /* ContentView.swift in Sources */,
				7A388D2C265A21A1008ABBC5 /* CardView.swift in Sources */,
				7A52DB8E265352250031A4CF /* MemorizeApp.swift in Sources */,
				7A68C3B0265C6E34000B4071 /* MemorizeViewModelEmoji.swift in Sources */,
				7A68C3AD265C6C11000B4071 /* MemorizeModel.swift in Sources */,
			);
			runOnlyForDeploymentPostprocessing = 0;
		};
		7A52DB86265352250031A4CF /* Sources */ = {
			isa = PBXSourcesBuildPhase;
			buildActionMask = 2147483647;
			files = (
				7A52DB91265352250031A4CF /* ContentView.swift in Sources */,
				7A388D2D265A21A1008ABBC5 /* CardView.swift in Sources */,
				7A52DB8F265352250031A4CF /* MemorizeApp.swift in Sources */,
				7A68C3B1265C6E34000B4071 /* MemorizeViewModelEmoji.swift in Sources */,
				7A68C3AE265C6C11000B4071 /* MemorizeModel.swift in Sources */,
			);
			runOnlyForDeploymentPostprocessing = 0;
		};
/* End PBXSourcesBuildPhase section */

/* Begin XCBuildConfiguration section */
		7A52DB94265352250031A4CF /* Debug */ = {
			isa = XCBuildConfiguration;
			buildSettings = {
				ALWAYS_SEARCH_USER_PATHS = NO;
				CLANG_ANALYZER_NONNULL = YES;
				CLANG_ANALYZER_NUMBER_OBJECT_CONVERSION = YES_AGGRESSIVE;
				CLANG_CXX_LANGUAGE_STANDARD = "gnu++14";
				CLANG_CXX_LIBRARY = "libc++";
				CLANG_ENABLE_MODULES = YES;
				CLANG_ENABLE_OBJC_ARC = YES;
				CLANG_ENABLE_OBJC_WEAK = YES;
				CLANG_WARN_BLOCK_CAPTURE_AUTORELEASING = YES;
				CLANG_WARN_BOOL_CONVERSION = YES;
				CLANG_WARN_COMMA = YES;
				CLANG_WARN_CONSTANT_CONVERSION = YES;
				CLANG_WARN_DEPRECATED_OBJC_IMPLEMENTATIONS = YES;
				CLANG_WARN_DIRECT_OBJC_ISA_USAGE = YES_ERROR;
				CLANG_WARN_DOCUMENTATION_COMMENTS = YES;
				CLANG_WARN_EMPTY_BODY = YES;
				CLANG_WARN_ENUM_CONVERSION = YES;
				CLANG_WARN_INFINITE_RECURSION = YES;
				CLANG_WARN_INT_CONVERSION = YES;
				CLANG_WARN_NON_LITERAL_NULL_CONVERSION = YES;
				CLANG_WARN_OBJC_IMPLICIT_RETAIN_SELF = YES;
				CLANG_WARN_OBJC_LITERAL_CONVERSION = YES;
				CLANG_WARN_OBJC_ROOT_CLASS = YES_ERROR;
				CLANG_WARN_QUOTED_INCLUDE_IN_FRAMEWORK_HEADER = YES;
				CLANG_WARN_RANGE_LOOP_ANALYSIS = YES;
				CLANG_WARN_STRICT_PROTOTYPES = YES;
				CLANG_WARN_SUSPICIOUS_MOVE = YES;
				CLANG_WARN_UNGUARDED_AVAILABILITY = YES_AGGRESSIVE;
				CLANG_WARN_UNREACHABLE_CODE = YES;
				CLANG_WARN__DUPLICATE_METHOD_MATCH = YES;
				COPY_PHASE_STRIP = NO;
				DEBUG_INFORMATION_FORMAT = dwarf;
				ENABLE_STRICT_OBJC_MSGSEND = YES;
				ENABLE_TESTABILITY = YES;
				GCC_C_LANGUAGE_STANDARD = gnu11;
				GCC_DYNAMIC_NO_PIC = NO;
				GCC_NO_COMMON_BLOCKS = YES;
				GCC_OPTIMIZATION_LEVEL = 0;
				GCC_PREPROCESSOR_DEFINITIONS = (
					"DEBUG=1",
					"$(inherited)",
				);
				GCC_WARN_64_TO_32_BIT_CONVERSION = YES;
				GCC_WARN_ABOUT_RETURN_TYPE = YES_ERROR;
				GCC_WARN_UNDECLARED_SELECTOR = YES;
				GCC_WARN_UNINITIALIZED_AUTOS = YES_AGGRESSIVE;
				GCC_WARN_UNUSED_FUNCTION = YES;
				GCC_WARN_UNUSED_VARIABLE = YES;
				MTL_ENABLE_DEBUG_INFO = INCLUDE_SOURCE;
				MTL_FAST_MATH = YES;
				ONLY_ACTIVE_ARCH = YES;
				SWIFT_ACTIVE_COMPILATION_CONDITIONS = DEBUG;
				SWIFT_OPTIMIZATION_LEVEL = "-Onone";
			};
			name = Debug;
		};
		7A52DB95265352250031A4CF /* Release */ = {
			isa = XCBuildConfiguration;
			buildSettings = {
				ALWAYS_SEARCH_USER_PATHS = NO;
				CLANG_ANALYZER_NONNULL = YES;
				CLANG_ANALYZER_NUMBER_OBJECT_CONVERSION = YES_AGGRESSIVE;
				CLANG_CXX_LANGUAGE_STANDARD = "gnu++14";
				CLANG_CXX_LIBRARY = "libc++";
				CLANG_ENABLE_MODULES = YES;
				CLANG_ENABLE_OBJC_ARC = YES;
				CLANG_ENABLE_OBJC_WEAK = YES;
				CLANG_WARN_BLOCK_CAPTURE_AUTORELEASING = YES;
				CLANG_WARN_BOOL_CONVERSION = YES;
				CLANG_WARN_COMMA = YES;
				CLANG_WARN_CONSTANT_CONVERSION = YES;
				CLANG_WARN_DEPRECATED_OBJC_IMPLEMENTATIONS = YES;
				CLANG_WARN_DIRECT_OBJC_ISA_USAGE = YES_ERROR;
				CLANG_WARN_DOCUMENTATION_COMMENTS = YES;
				CLANG_WARN_EMPTY_BODY = YES;
				CLANG_WARN_ENUM_CONVERSION = YES;
				CLANG_WARN_INFINITE_RECURSION = YES;
				CLANG_WARN_INT_CONVERSION = YES;
				CLANG_WARN_NON_LITERAL_NULL_CONVERSION = YES;
				CLANG_WARN_OBJC_IMPLICIT_RETAIN_SELF = YES;
				CLANG_WARN_OBJC_LITERAL_CONVERSION = YES;
				CLANG_WARN_OBJC_ROOT_CLASS = YES_ERROR;
				CLANG_WARN_QUOTED_INCLUDE_IN_FRAMEWORK_HEADER = YES;
				CLANG_WARN_RANGE_LOOP_ANALYSIS = YES;
				CLANG_WARN_STRICT_PROTOTYPES = YES;
				CLANG_WARN_SUSPICIOUS_MOVE = YES;
				CLANG_WARN_UNGUARDED_AVAILABILITY = YES_AGGRESSIVE;
				CLANG_WARN_UNREACHABLE_CODE = YES;
				CLANG_WARN__DUPLICATE_METHOD_MATCH = YES;
				COPY_PHASE_STRIP = NO;
				DEBUG_INFORMATION_FORMAT = "dwarf-with-dsym";
				ENABLE_NS_ASSERTIONS = NO;
				ENABLE_STRICT_OBJC_MSGSEND = YES;
				GCC_C_LANGUAGE_STANDARD = gnu11;
				GCC_NO_COMMON_BLOCKS = YES;
				GCC_WARN_64_TO_32_BIT_CONVERSION = YES;
				GCC_WARN_ABOUT_RETURN_TYPE = YES_ERROR;
				GCC_WARN_UNDECLARED_SELECTOR = YES;
				GCC_WARN_UNINITIALIZED_AUTOS = YES_AGGRESSIVE;
				GCC_WARN_UNUSED_FUNCTION = YES;
				GCC_WARN_UNUSED_VARIABLE = YES;
				MTL_ENABLE_DEBUG_INFO = NO;
				MTL_FAST_MATH = YES;
				SWIFT_COMPILATION_MODE = wholemodule;
				SWIFT_OPTIMIZATION_LEVEL = "-O";
			};
			name = Release;
		};
		7A52DB97265352250031A4CF /* Debug */ = {
			isa = XCBuildConfiguration;
			buildSettings = {
				ASSETCATALOG_COMPILER_APPICON_NAME = AppIcon;
				ASSETCATALOG_COMPILER_GLOBAL_ACCENT_COLOR_NAME = AccentColor;
				CODE_SIGN_STYLE = Automatic;
				DEVELOPMENT_TEAM = 48L2KRCZH4;
				ENABLE_PREVIEWS = YES;
				INFOPLIST_FILE = iOS/Info.plist;
				IPHONEOS_DEPLOYMENT_TARGET = 14.5;
				LD_RUNPATH_SEARCH_PATHS = (
					"$(inherited)",
					"@executable_path/Frameworks",
				);
				PRODUCT_BUNDLE_IDENTIFIER = "com.pao-yu.Memorize";
				PRODUCT_NAME = Memorize;
				SDKROOT = iphoneos;
				SWIFT_VERSION = 5.0;
				TARGETED_DEVICE_FAMILY = "1,2";
			};
			name = Debug;
		};
		7A52DB98265352250031A4CF /* Release */ = {
			isa = XCBuildConfiguration;
			buildSettings = {
				ASSETCATALOG_COMPILER_APPICON_NAME = AppIcon;
				ASSETCATALOG_COMPILER_GLOBAL_ACCENT_COLOR_NAME = AccentColor;
				CODE_SIGN_STYLE = Automatic;
				DEVELOPMENT_TEAM = 48L2KRCZH4;
				ENABLE_PREVIEWS = YES;
				INFOPLIST_FILE = iOS/Info.plist;
				IPHONEOS_DEPLOYMENT_TARGET = 14.5;
				LD_RUNPATH_SEARCH_PATHS = (
					"$(inherited)",
					"@executable_path/Frameworks",
				);
				PRODUCT_BUNDLE_IDENTIFIER = "com.pao-yu.Memorize";
				PRODUCT_NAME = Memorize;
				SDKROOT = iphoneos;
				SWIFT_VERSION = 5.0;
				TARGETED_DEVICE_FAMILY = "1,2";
				VALIDATE_PRODUCT = YES;
			};
			name = Release;
		};
		7A52DB9A265352250031A4CF /* Debug */ = {
			isa = XCBuildConfiguration;
			buildSettings = {
				ASSETCATALOG_COMPILER_APPICON_NAME = AppIcon;
				ASSETCATALOG_COMPILER_GLOBAL_ACCENT_COLOR_NAME = AccentColor;
				CODE_SIGN_ENTITLEMENTS = macOS/macOS.entitlements;
				CODE_SIGN_STYLE = Automatic;
				COMBINE_HIDPI_IMAGES = YES;
				DEVELOPMENT_TEAM = 48L2KRCZH4;
				ENABLE_HARDENED_RUNTIME = YES;
				ENABLE_PREVIEWS = YES;
				INFOPLIST_FILE = macOS/Info.plist;
				LD_RUNPATH_SEARCH_PATHS = (
					"$(inherited)",
					"@executable_path/../Frameworks",
				);
				MACOSX_DEPLOYMENT_TARGET = 11.0;
				PRODUCT_BUNDLE_IDENTIFIER = "com.pao-yu.Memorize";
				PRODUCT_NAME = Memorize;
				SDKROOT = macosx;
				SWIFT_VERSION = 5.0;
			};
			name = Debug;
		};
		7A52DB9B265352250031A4CF /* Release */ = {
			isa = XCBuildConfiguration;
			buildSettings = {
				ASSETCATALOG_COMPILER_APPICON_NAME = AppIcon;
				ASSETCATALOG_COMPILER_GLOBAL_ACCENT_COLOR_NAME = AccentColor;
				CODE_SIGN_ENTITLEMENTS = macOS/macOS.entitlements;
				CODE_SIGN_STYLE = Automatic;
				COMBINE_HIDPI_IMAGES = YES;
				DEVELOPMENT_TEAM = 48L2KRCZH4;
				ENABLE_HARDENED_RUNTIME = YES;
				ENABLE_PREVIEWS = YES;
				INFOPLIST_FILE = macOS/Info.plist;
				LD_RUNPATH_SEARCH_PATHS = (
					"$(inherited)",
					"@executable_path/../Frameworks",
				);
				MACOSX_DEPLOYMENT_TARGET = 11.0;
				PRODUCT_BUNDLE_IDENTIFIER = "com.pao-yu.Memorize";
				PRODUCT_NAME = Memorize;
				SDKROOT = macosx;
				SWIFT_VERSION = 5.0;
			};
			name = Release;
		};
/* End XCBuildConfiguration section */

/* Begin XCConfigurationList section */
		7A52DB79265352240031A4CF /* Build configuration list for PBXProject "Memorize" */ = {
			isa = XCConfigurationList;
			buildConfigurations = (
				7A52DB94265352250031A4CF /* Debug */,
				7A52DB95265352250031A4CF /* Release */,
			);
			defaultConfigurationIsVisible = 0;
			defaultConfigurationName = Release;
		};
		7A52DB96265352250031A4CF /* Build configuration list for PBXNativeTarget "Memorize (iOS)" */ = {
			isa = XCConfigurationList;
			buildConfigurations = (
				7A52DB97265352250031A4CF /* Debug */,
				7A52DB98265352250031A4CF /* Release */,
			);
			defaultConfigurationIsVisible = 0;
			defaultConfigurationName = Release;
		};
		7A52DB99265352250031A4CF /* Build configuration list for PBXNativeTarget "Memorize (macOS)" */ = {
			isa = XCConfigurationList;
			buildConfigurations = (
				7A52DB9A265352250031A4CF /* Debug */,
				7A52DB9B265352250031A4CF /* Release */,
			);
			defaultConfigurationIsVisible = 0;
			defaultConfigurationName = Release;
		};
/* End XCConfigurationList section */
	};
	rootObject = 7A52DB76265352240031A4CF /* Project object */;
}
